
Microsoft Visual Studio Solution File, Format Version 12.00
# Visual Studio Version 17
VisualStudioVersion = 17.6.33723.286
MinimumVisualStudioVersion = 10.0.40219.1
Project("{FAE04EC0-301F-11D3-BF4B-00C04F79EFBC}") = "DSA_Series_C#", "DSA_Series_C#\DSA_Series_C#.csproj", "{320A694A-CA21-40A8-A002-A688D55B8A99}"
EndProject
Global
	GlobalSection(SolutionConfigurationPlatforms) = preSolution
		Debug|Any CPU = Debug|Any CPU
		Release|Any CPU = Release|Any CPU
	EndGlobalSection
	GlobalSection(ProjectConfigurationPlatforms) = postSolution
		{320A694A-CA21-40A8-A002-A688D55B8A99}.Debug|Any CPU.ActiveCfg = Debug|Any CPU
		{320A694A-CA21-40A8-A002-A688D55B8A99}.Debug|Any CPU.Build.0 = Debug|Any CPU
		{320A694A-CA21-40A8-A002-A688D55B8A99}.Release|Any CPU.ActiveCfg = Release|Any CPU
		{320A694A-CA21-40A8-A002-A688D55B8A99}.Release|Any CPU.Build.0 = Release|Any CPU
	EndGlobalSection
	GlobalSection(SolutionProperties) = preSolution
		HideSolutionNode = FALSE
	EndGlobalSection
	GlobalSection(ExtensibilityGlobals) = postSolution
		SolutionGuid = {46D7A203-39A5-4DCC-ABA4-C149F36B04BE}
	EndGlobalSection
EndGlobal
