
Microsoft Visual Studio Solution File, Format Version 12.00
# Visual Studio Version 17
VisualStudioVersion = 17.6.33723.286
MinimumVisualStudioVersion = 10.0.40219.1
Project("{9A19103F-16F7-4668-BE54-9A1E7A4F7556}") = "DSA_Series_C#", "DSA_Series_C#\DSA_Series_C#.csproj", "{320A694A-CA21-40A8-A002-A688D55B8A99}"
EndProject
Project("{9A19103F-16F7-4668-BE54-9A1E7A4F7556}") = "Lecture_05_DSA_Series", "Lecture_05_DSA_Series\Lecture_05_DSA_Series.csproj", "{37F160D3-193F-45DA-8952-EC6E8BE73A9E}"
EndProject
Project("{9A19103F-16F7-4668-BE54-9A1E7A4F7556}") = "Lecture_08_DSA-Seriese", "Lecture_08_DSA-Seriese\Lecture_08_DSA-Seriese.csproj", "{BDC5EF03-35E8-4755-99D8-E33D89632F8F}"
EndProject
Project("{9A19103F-16F7-4668-BE54-9A1E7A4F7556}") = "Lecture_09_DSA-Series", "Lecture_09_DSA-Series\Lecture_09_DSA-Series.csproj", "{6C2C6EAC-B58F-4941-B4F3-B60106F1EC4A}"
EndProject
Project("{FAE04EC0-301F-11D3-BF4B-00C04F79EFBC}") = "Lecture_10_DSA-Series", "Lecture_10_DSA-Series\Lecture_10_DSA-Series.csproj", "{797B5983-5B09-4339-9BE5-4EF809911670}"
EndProject
Project("{FAE04EC0-301F-11D3-BF4B-00C04F79EFBC}") = "Lecture_11_DSA_Series", "Lecture_11_DSA_Series\Lecture_11_DSA_Series.csproj", "{8FCC66DB-0ADC-4868-8BFE-217075611FDC}"
EndProject
Global
	GlobalSection(SolutionConfigurationPlatforms) = preSolution
		Debug|Any CPU = Debug|Any CPU
		Release|Any CPU = Release|Any CPU
	EndGlobalSection
	GlobalSection(ProjectConfigurationPlatforms) = postSolution
		{320A694A-CA21-40A8-A002-A688D55B8A99}.Debug|Any CPU.ActiveCfg = Debug|Any CPU
		{320A694A-CA21-40A8-A002-A688D55B8A99}.Debug|Any CPU.Build.0 = Debug|Any CPU
		{320A694A-CA21-40A8-A002-A688D55B8A99}.Release|Any CPU.ActiveCfg = Release|Any CPU
		{320A694A-CA21-40A8-A002-A688D55B8A99}.Release|Any CPU.Build.0 = Release|Any CPU
		{37F160D3-193F-45DA-8952-EC6E8BE73A9E}.Debug|Any CPU.ActiveCfg = Debug|Any CPU
		{37F160D3-193F-45DA-8952-EC6E8BE73A9E}.Debug|Any CPU.Build.0 = Debug|Any CPU
		{37F160D3-193F-45DA-8952-EC6E8BE73A9E}.Release|Any CPU.ActiveCfg = Release|Any CPU
		{37F160D3-193F-45DA-8952-EC6E8BE73A9E}.Release|Any CPU.Build.0 = Release|Any CPU
		{BDC5EF03-35E8-4755-99D8-E33D89632F8F}.Debug|Any CPU.ActiveCfg = Debug|Any CPU
		{BDC5EF03-35E8-4755-99D8-E33D89632F8F}.Debug|Any CPU.Build.0 = Debug|Any CPU
		{BDC5EF03-35E8-4755-99D8-E33D89632F8F}.Release|Any CPU.ActiveCfg = Release|Any CPU
		{BDC5EF03-35E8-4755-99D8-E33D89632F8F}.Release|Any CPU.Build.0 = Release|Any CPU
		{6C2C6EAC-B58F-4941-B4F3-B60106F1EC4A}.Debug|Any CPU.ActiveCfg = Debug|Any CPU
		{6C2C6EAC-B58F-4941-B4F3-B60106F1EC4A}.Debug|Any CPU.Build.0 = Debug|Any CPU
		{6C2C6EAC-B58F-4941-B4F3-B60106F1EC4A}.Release|Any CPU.ActiveCfg = Release|Any CPU
		{6C2C6EAC-B58F-4941-B4F3-B60106F1EC4A}.Release|Any CPU.Build.0 = Release|Any CPU
		{797B5983-5B09-4339-9BE5-4EF809911670}.Debug|Any CPU.ActiveCfg = Debug|Any CPU
		{797B5983-5B09-4339-9BE5-4EF809911670}.Debug|Any CPU.Build.0 = Debug|Any CPU
		{797B5983-5B09-4339-9BE5-4EF809911670}.Release|Any CPU.ActiveCfg = Release|Any CPU
		{797B5983-5B09-4339-9BE5-4EF809911670}.Release|Any CPU.Build.0 = Release|Any CPU
		{8FCC66DB-0ADC-4868-8BFE-217075611FDC}.Debug|Any CPU.ActiveCfg = Debug|Any CPU
		{8FCC66DB-0ADC-4868-8BFE-217075611FDC}.Debug|Any CPU.Build.0 = Debug|Any CPU
		{8FCC66DB-0ADC-4868-8BFE-217075611FDC}.Release|Any CPU.ActiveCfg = Release|Any CPU
		{8FCC66DB-0ADC-4868-8BFE-217075611FDC}.Release|Any CPU.Build.0 = Release|Any CPU
	EndGlobalSection
	GlobalSection(SolutionProperties) = preSolution
		HideSolutionNode = FALSE
	EndGlobalSection
	GlobalSection(ExtensibilityGlobals) = postSolution
		SolutionGuid = {46D7A203-39A5-4DCC-ABA4-C149F36B04BE}
	EndGlobalSection
EndGlobal
